// !$*UTF8*$!
{
	archiveVersion = 1;
	classes = {
	};
	objectVersion = 56;
	objects = {

/* Begin PBXBuildFile section */
		3A0144AD2BE0C1D90037A08D /* hoop.reality in Resources */ = {isa = PBXBuildFile; fileRef = 3A0144AC2BE0C1D90037A08D /* hoop.reality */; };
		3A0144AF2BE0C1E40037A08D /* ball.usdz in Resources */ = {isa = PBXBuildFile; fileRef = 3A0144AE2BE0C1E40037A08D /* ball.usdz */; };
		3A0144B22BE0C20E0037A08D /* ARViewRepresentable.swift in Sources */ = {isa = PBXBuildFile; fileRef = 3A0144B02BE0C20E0037A08D /* ARViewRepresentable.swift */; };
		3A0144B32BE0C20E0037A08D /* CustomARView.swift in Sources */ = {isa = PBXBuildFile; fileRef = 3A0144B12BE0C20E0037A08D /* CustomARView.swift */; };
		3A0144B72BE0C3350037A08D /* FocusEntity in Frameworks */ = {isa = PBXBuildFile; productRef = 3A0144B62BE0C3350037A08D /* FocusEntity */; };
		3A462F8F2BDB627F00147D38 /* ShouterApp.swift in Sources */ = {isa = PBXBuildFile; fileRef = 3A462F8E2BDB627F00147D38 /* ShouterApp.swift */; };
		3A462F912BDB627F00147D38 /* ContentView.swift in Sources */ = {isa = PBXBuildFile; fileRef = 3A462F902BDB627F00147D38 /* ContentView.swift */; };
		3A462F932BDB628000147D38 /* Assets.xcassets in Resources */ = {isa = PBXBuildFile; fileRef = 3A462F922BDB628000147D38 /* Assets.xcassets */; };
		3A462F962BDB628000147D38 /* Preview Assets.xcassets in Resources */ = {isa = PBXBuildFile; fileRef = 3A462F952BDB628000147D38 /* Preview Assets.xcassets */; };
/* End PBXBuildFile section */

/* Begin PBXFileReference section */
		3A0144AC2BE0C1D90037A08D /* hoop.reality */ = {isa = PBXFileReference; lastKnownFileType = file; path = hoop.reality; sourceTree = "<group>"; };
		3A0144AE2BE0C1E40037A08D /* ball.usdz */ = {isa = PBXFileReference; lastKnownFileType = file.usdz; path = ball.usdz; sourceTree = "<group>"; };
		3A0144B02BE0C20E0037A08D /* ARViewRepresentable.swift */ = {isa = PBXFileReference; fileEncoding = 4; lastKnownFileType = sourcecode.swift; path = ARViewRepresentable.swift; sourceTree = "<group>"; };
		3A0144B12BE0C20E0037A08D /* CustomARView.swift */ = {isa = PBXFileReference; fileEncoding = 4; lastKnownFileType = sourcecode.swift; path = CustomARView.swift; sourceTree = "<group>"; };
		3A0144B82BE0C37D0037A08D /* Info.plist */ = {isa = PBXFileReference; lastKnownFileType = text.plist; path = Info.plist; sourceTree = "<group>"; };
		3A462F8B2BDB627F00147D38 /* Shouter.app */ = {isa = PBXFileReference; explicitFileType = wrapper.application; includeInIndex = 0; path = Shouter.app; sourceTree = BUILT_PRODUCTS_DIR; };
		3A462F8E2BDB627F00147D38 /* ShouterApp.swift */ = {isa = PBXFileReference; lastKnownFileType = sourcecode.swift; path = ShouterApp.swift; sourceTree = "<group>"; };
		3A462F902BDB627F00147D38 /* ContentView.swift */ = {isa = PBXFileReference; lastKnownFileType = sourcecode.swift; path = ContentView.swift; sourceTree = "<group>"; };
		3A462F922BDB628000147D38 /* Assets.xcassets */ = {isa = PBXFileReference; lastKnownFileType = folder.assetcatalog; path = Assets.xcassets; sourceTree = "<group>"; };
		3A462F952BDB628000147D38 /* Preview Assets.xcassets */ = {isa = PBXFileReference; lastKnownFileType = folder.assetcatalog; path = "Preview Assets.xcassets"; sourceTree = "<group>"; };
/* End PBXFileReference section */

/* Begin PBXFrameworksBuildPhase section */
		3A462F882BDB627F00147D38 /* Frameworks */ = {
			isa = PBXFrameworksBuildPhase;
			buildActionMask = 2147483647;
			files = (
				3A0144B72BE0C3350037A08D /* FocusEntity in Frameworks */,
			);
			runOnlyForDeploymentPostprocessing = 0;
		};
/* End PBXFrameworksBuildPhase section */

/* Begin PBXGroup section */
		3A0144A92BE0C1B00037A08D /* 3DModel */ = {
			isa = PBXGroup;
			children = (
				3A0144AC2BE0C1D90037A08D /* hoop.reality */,
				3A0144AE2BE0C1E40037A08D /* ball.usdz */,
			);
			path = 3DModel;
			sourceTree = "<group>";
		};
		3A0144B42BE0C2200037A08D /* UIKit */ = {
			isa = PBXGroup;
			children = (
				3A0144B12BE0C20E0037A08D /* CustomARView.swift */,
			);
			path = UIKit;
			sourceTree = "<group>";
		};
		3A462F822BDB627F00147D38 = {
			isa = PBXGroup;
			children = (
				3A462F8D2BDB627F00147D38 /* Shouter */,
				3A462F8C2BDB627F00147D38 /* Products */,
			);
			sourceTree = "<group>";
		};
		3A462F8C2BDB627F00147D38 /* Products */ = {
			isa = PBXGroup;
			children = (
				3A462F8B2BDB627F00147D38 /* Shouter.app */,
			);
			name = Products;
			sourceTree = "<group>";
		};
		3A462F8D2BDB627F00147D38 /* Shouter */ = {
			isa = PBXGroup;
			children = (
				3A0144B82BE0C37D0037A08D /* Info.plist */,
				3A0144B42BE0C2200037A08D /* UIKit */,
				3A0144A92BE0C1B00037A08D /* 3DModel */,
				3A462F8E2BDB627F00147D38 /* ShouterApp.swift */,
				3A462F902BDB627F00147D38 /* ContentView.swift */,
				3A0144B02BE0C20E0037A08D /* ARViewRepresentable.swift */,
				3A462F922BDB628000147D38 /* Assets.xcassets */,
				3A462F942BDB628000147D38 /* Preview Content */,
			);
			path = Shouter;
			sourceTree = "<group>";
		};
		3A462F942BDB628000147D38 /* Preview Content */ = {
			isa = PBXGroup;
			children = (
				3A462F952BDB628000147D38 /* Preview Assets.xcassets */,
			);
			path = "Preview Content";
			sourceTree = "<group>";
		};
/* End PBXGroup section */

/* Begin PBXNativeTarget section */
		3A462F8A2BDB627F00147D38 /* Shouter */ = {
			isa = PBXNativeTarget;
			buildConfigurationList = 3A462F992BDB628000147D38 /* Build configuration list for PBXNativeTarget "Shouter" */;
			buildPhases = (
				3A462F872BDB627F00147D38 /* Sources */,
				3A462F882BDB627F00147D38 /* Frameworks */,
				3A462F892BDB627F00147D38 /* Resources */,
			);
			buildRules = (
			);
			dependencies = (
			);
			name = Shouter;
			packageProductDependencies = (
				3A0144B62BE0C3350037A08D /* FocusEntity */,
			);
			productName = Shouter;
			productReference = 3A462F8B2BDB627F00147D38 /* Shouter.app */;
			productType = "com.apple.product-type.application";
		};
/* End PBXNativeTarget section */

/* Begin PBXProject section */
		3A462F832BDB627F00147D38 /* Project object */ = {
			isa = PBXProject;
			attributes = {
				BuildIndependentTargetsInParallel = 1;
				LastSwiftUpdateCheck = 1520;
				LastUpgradeCheck = 1520;
				TargetAttributes = {
					3A462F8A2BDB627F00147D38 = {
						CreatedOnToolsVersion = 15.2;
					};
				};
			};
			buildConfigurationList = 3A462F862BDB627F00147D38 /* Build configuration list for PBXProject "Shouter" */;
			compatibilityVersion = "Xcode 14.0";
			developmentRegion = en;
			hasScannedForEncodings = 0;
			knownRegions = (
				en,
				Base,
			);
			mainGroup = 3A462F822BDB627F00147D38;
			packageReferences = (
				3A0144B52BE0C3350037A08D /* XCRemoteSwiftPackageReference "FocusEntity" */,
			);
			productRefGroup = 3A462F8C2BDB627F00147D38 /* Products */;
			projectDirPath = "";
			projectRoot = "";
			targets = (
				3A462F8A2BDB627F00147D38 /* Shouter */,
			);
		};
/* End PBXProject section */

/* Begin PBXResourcesBuildPhase section */
		3A462F892BDB627F00147D38 /* Resources */ = {
			isa = PBXResourcesBuildPhase;
			buildActionMask = 2147483647;
			files = (
				3A0144AF2BE0C1E40037A08D /* ball.usdz in Resources */,
				3A462F962BDB628000147D38 /* Preview Assets.xcassets in Resources */,
				3A462F932BDB628000147D38 /* Assets.xcassets in Resources */,
				3A0144AD2BE0C1D90037A08D /* hoop.reality in Resources */,
			);
			runOnlyForDeploymentPostprocessing = 0;
		};
/* End PBXResourcesBuildPhase section */

/* Begin PBXSourcesBuildPhase section */
		3A462F872BDB627F00147D38 /* Sources */ = {
			isa = PBXSourcesBuildPhase;
			buildActionMask = 2147483647;
			files = (
				3A462F912BDB627F00147D38 /* ContentView.swift in Sources */,
				3A462F8F2BDB627F00147D38 /* ShouterApp.swift in Sources */,
				3A0144B32BE0C20E0037A08D /* CustomARView.swift in Sources */,
				3A0144B22BE0C20E0037A08D /* ARViewRepresentable.swift in Sources */,
			);
			runOnlyForDeploymentPostprocessing = 0;
		};
/* End PBXSourcesBuildPhase section */

/* Begin XCBuildConfiguration section */
		3A462F972BDB628000147D38 /* Debug */ = {
			isa = XCBuildConfiguration;
			buildSettings = {
				ALWAYS_SEARCH_USER_PATHS = NO;
				ASSETCATALOG_COMPILER_GENERATE_SWIFT_ASSET_SYMBOL_EXTENSIONS = YES;
				CLANG_ANALYZER_NONNULL = YES;
				CLANG_ANALYZER_NUMBER_OBJECT_CONVERSION = YES_AGGRESSIVE;
				CLANG_CXX_LANGUAGE_STANDARD = "gnu++20";
				CLANG_ENABLE_MODULES = YES;
				CLANG_ENABLE_OBJC_ARC = YES;
				CLANG_ENABLE_OBJC_WEAK = YES;
				CLANG_WARN_BLOCK_CAPTURE_AUTORELEASING = YES;
				CLANG_WARN_BOOL_CONVERSION = YES;
				CLANG_WARN_COMMA = YES;
				CLANG_WARN_CONSTANT_CONVERSION = YES;
				CLANG_WARN_DEPRECATED_OBJC_IMPLEMENTATIONS = YES;
				CLANG_WARN_DIRECT_OBJC_ISA_USAGE = YES_ERROR;
				CLANG_WARN_DOCUMENTATION_COMMENTS = YES;
				CLANG_WARN_EMPTY_BODY = YES;
				CLANG_WARN_ENUM_CONVERSION = YES;
				CLANG_WARN_INFINITE_RECURSION = YES;
				CLANG_WARN_INT_CONVERSION = YES;
				CLANG_WARN_NON_LITERAL_NULL_CONVERSION = YES;
				CLANG_WARN_OBJC_IMPLICIT_RETAIN_SELF = YES;
				CLANG_WARN_OBJC_LITERAL_CONVERSION = YES;
				CLANG_WARN_OBJC_ROOT_CLASS = YES_ERROR;
				CLANG_WARN_QUOTED_INCLUDE_IN_FRAMEWORK_HEADER = YES;
				CLANG_WARN_RANGE_LOOP_ANALYSIS = YES;
				CLANG_WARN_STRICT_PROTOTYPES = YES;
				CLANG_WARN_SUSPICIOUS_MOVE = YES;
				CLANG_WARN_UNGUARDED_AVAILABILITY = YES_AGGRESSIVE;
				CLANG_WARN_UNREACHABLE_CODE = YES;
				CLANG_WARN__DUPLICATE_METHOD_MATCH = YES;
				COPY_PHASE_STRIP = NO;
				DEBUG_INFORMATION_FORMAT = dwarf;
				ENABLE_STRICT_OBJC_MSGSEND = YES;
				ENABLE_TESTABILITY = YES;
				ENABLE_USER_SCRIPT_SANDBOXING = YES;
				GCC_C_LANGUAGE_STANDARD = gnu17;
				GCC_DYNAMIC_NO_PIC = NO;
				GCC_NO_COMMON_BLOCKS = YES;
				GCC_OPTIMIZATION_LEVEL = 0;
				GCC_PREPROCESSOR_DEFINITIONS = (
					"DEBUG=1",
					"$(inherited)",
				);
				GCC_WARN_64_TO_32_BIT_CONVERSION = YES;
				GCC_WARN_ABOUT_RETURN_TYPE = YES_ERROR;
				GCC_WARN_UNDECLARED_SELECTOR = YES;
				GCC_WARN_UNINITIALIZED_AUTOS = YES_AGGRESSIVE;
				GCC_WARN_UNUSED_FUNCTION = YES;
				GCC_WARN_UNUSED_VARIABLE = YES;
				IPHONEOS_DEPLOYMENT_TARGET = 17.2;
				LOCALIZATION_PREFERS_STRING_CATALOGS = YES;
				MTL_ENABLE_DEBUG_INFO = INCLUDE_SOURCE;
				MTL_FAST_MATH = YES;
				ONLY_ACTIVE_ARCH = YES;
				SDKROOT = iphoneos;
				SWIFT_ACTIVE_COMPILATION_CONDITIONS = "DEBUG $(inherited)";
				SWIFT_OPTIMIZATION_LEVEL = "-Onone";
			};
			name = Debug;
		};
		3A462F982BDB628000147D38 /* Release */ = {
			isa = XCBuildConfiguration;
			buildSettings = {
				ALWAYS_SEARCH_USER_PATHS = NO;
				ASSETCATALOG_COMPILER_GENERATE_SWIFT_ASSET_SYMBOL_EXTENSIONS = YES;
				CLANG_ANALYZER_NONNULL = YES;
				CLANG_ANALYZER_NUMBER_OBJECT_CONVERSION = YES_AGGRESSIVE;
				CLANG_CXX_LANGUAGE_STANDARD = "gnu++20";
				CLANG_ENABLE_MODULES = YES;
				CLANG_ENABLE_OBJC_ARC = YES;
				CLANG_ENABLE_OBJC_WEAK = YES;
				CLANG_WARN_BLOCK_CAPTURE_AUTORELEASING = YES;
				CLANG_WARN_BOOL_CONVERSION = YES;
				CLANG_WARN_COMMA = YES;
				CLANG_WARN_CONSTANT_CONVERSION = YES;
				CLANG_WARN_DEPRECATED_OBJC_IMPLEMENTATIONS = YES;
				CLANG_WARN_DIRECT_OBJC_ISA_USAGE = YES_ERROR;
				CLANG_WARN_DOCUMENTATION_COMMENTS = YES;
				CLANG_WARN_EMPTY_BODY = YES;
				CLANG_WARN_ENUM_CONVERSION = YES;
				CLANG_WARN_INFINITE_RECURSION = YES;
				CLANG_WARN_INT_CONVERSION = YES;
				CLANG_WARN_NON_LITERAL_NULL_CONVERSION = YES;
				CLANG_WARN_OBJC_IMPLICIT_RETAIN_SELF = YES;
				CLANG_WARN_OBJC_LITERAL_CONVERSION = YES;
				CLANG_WARN_OBJC_ROOT_CLASS = YES_ERROR;
				CLANG_WARN_QUOTED_INCLUDE_IN_FRAMEWORK_HEADER = YES;
				CLANG_WARN_RANGE_LOOP_ANALYSIS = YES;
				CLANG_WARN_STRICT_PROTOTYPES = YES;
				CLANG_WARN_SUSPICIOUS_MOVE = YES;
				CLANG_WARN_UNGUARDED_AVAILABILITY = YES_AGGRESSIVE;
				CLANG_WARN_UNREACHABLE_CODE = YES;
				CLANG_WARN__DUPLICATE_METHOD_MATCH = YES;
				COPY_PHASE_STRIP = NO;
				DEBUG_INFORMATION_FORMAT = "dwarf-with-dsym";
				ENABLE_NS_ASSERTIONS = NO;
				ENABLE_STRICT_OBJC_MSGSEND = YES;
				ENABLE_USER_SCRIPT_SANDBOXING = YES;
				GCC_C_LANGUAGE_STANDARD = gnu17;
				GCC_NO_COMMON_BLOCKS = YES;
				GCC_WARN_64_TO_32_BIT_CONVERSION = YES;
				GCC_WARN_ABOUT_RETURN_TYPE = YES_ERROR;
				GCC_WARN_UNDECLARED_SELECTOR = YES;
				GCC_WARN_UNINITIALIZED_AUTOS = YES_AGGRESSIVE;
				GCC_WARN_UNUSED_FUNCTION = YES;
				GCC_WARN_UNUSED_VARIABLE = YES;
				IPHONEOS_DEPLOYMENT_TARGET = 17.2;
				LOCALIZATION_PREFERS_STRING_CATALOGS = YES;
				MTL_ENABLE_DEBUG_INFO = NO;
				MTL_FAST_MATH = YES;
				SDKROOT = iphoneos;
				SWIFT_COMPILATION_MODE = wholemodule;
				VALIDATE_PRODUCT = YES;
			};
			name = Release;
		};
		3A462F9A2BDB628000147D38 /* Debug */ = {
			isa = XCBuildConfiguration;
			buildSettings = {
				ASSETCATALOG_COMPILER_APPICON_NAME = AppIcon;
				ASSETCATALOG_COMPILER_GLOBAL_ACCENT_COLOR_NAME = AccentColor;
				CODE_SIGN_STYLE = Automatic;
				CURRENT_PROJECT_VERSION = 1;
				DEVELOPMENT_ASSET_PATHS = "\"Shouter/Preview Content\"";
				DEVELOPMENT_TEAM = QJ4D5LRK3T;
				ENABLE_PREVIEWS = YES;
				GENERATE_INFOPLIST_FILE = YES;
				INFOPLIST_FILE = Shouter/Info.plist;
				INFOPLIST_KEY_NSCameraUsageDescription = "We need your camera permission for playing this game/.";
				INFOPLIST_KEY_UIApplicationSceneManifest_Generation = YES;
				INFOPLIST_KEY_UIApplicationSupportsIndirectInputEvents = YES;
				INFOPLIST_KEY_UILaunchScreen_Generation = YES;
				INFOPLIST_KEY_UISupportedInterfaceOrientations_iPad = "UIInterfaceOrientationPortrait UIInterfaceOrientationPortraitUpsideDown UIInterfaceOrientationLandscapeLeft UIInterfaceOrientationLandscapeRight";
				INFOPLIST_KEY_UISupportedInterfaceOrientations_iPhone = "UIInterfaceOrientationPortrait UIInterfaceOrientationLandscapeLeft UIInterfaceOrientationLandscapeRight";
				LD_RUNPATH_SEARCH_PATHS = (
					"$(inherited)",
					"@executable_path/Frameworks",
				);
				MARKETING_VERSION = 1.0;
				PRODUCT_BUNDLE_IDENTIFIER = com.dikidwid.Shouter;
				PRODUCT_NAME = "$(TARGET_NAME)";
				SWIFT_EMIT_LOC_STRINGS = YES;
				SWIFT_VERSION = 5.0;
				TARGETED_DEVICE_FAMILY = "1,2";
			};
			name = Debug;
		};
		3A462F9B2BDB628000147D38 /* Release */ = {
			isa = XCBuildConfiguration;
			buildSettings = {
				ASSETCATALOG_COMPILER_APPICON_NAME = AppIcon;
				ASSETCATALOG_COMPILER_GLOBAL_ACCENT_COLOR_NAME = AccentColor;
				CODE_SIGN_STYLE = Automatic;
				CURRENT_PROJECT_VERSION = 1;
				DEVELOPMENT_ASSET_PATHS = "\"Shouter/Preview Content\"";
				DEVELOPMENT_TEAM = QJ4D5LRK3T;
				ENABLE_PREVIEWS = YES;
				GENERATE_INFOPLIST_FILE = YES;
				INFOPLIST_FILE = Shouter/Info.plist;
				INFOPLIST_KEY_NSCameraUsageDescription = "We need your camera permission for playing this game/.";
				INFOPLIST_KEY_UIApplicationSceneManifest_Generation = YES;
				INFOPLIST_KEY_UIApplicationSupportsIndirectInputEvents = YES;
				INFOPLIST_KEY_UILaunchScreen_Generation = YES;
				INFOPLIST_KEY_UISupportedInterfaceOrientations_iPad = "UIInterfaceOrientationPortrait UIInterfaceOrientationPortraitUpsideDown UIInterfaceOrientationLandscapeLeft UIInterfaceOrientationLandscapeRight";
				INFOPLIST_KEY_UISupportedInterfaceOrientations_iPhone = "UIInterfaceOrientationPortrait UIInterfaceOrientationLandscapeLeft UIInterfaceOrientationLandscapeRight";
				LD_RUNPATH_SEARCH_PATHS = (
					"$(inherited)",
					"@executable_path/Frameworks",
				);
				MARKETING_VERSION = 1.0;
				PRODUCT_BUNDLE_IDENTIFIER = com.dikidwid.Shouter;
				PRODUCT_NAME = "$(TARGET_NAME)";
				SWIFT_EMIT_LOC_STRINGS = YES;
				SWIFT_VERSION = 5.0;
				TARGETED_DEVICE_FAMILY = "1,2";
			};
			name = Release;
		};
/* End XCBuildConfiguration section */

/* Begin XCConfigurationList section */
		3A462F862BDB627F00147D38 /* Build configuration list for PBXProject "Shouter" */ = {
			isa = XCConfigurationList;
			buildConfigurations = (
				3A462F972BDB628000147D38 /* Debug */,
				3A462F982BDB628000147D38 /* Release */,
			);
			defaultConfigurationIsVisible = 0;
			defaultConfigurationName = Release;
		};
		3A462F992BDB628000147D38 /* Build configuration list for PBXNativeTarget "Shouter" */ = {
			isa = XCConfigurationList;
			buildConfigurations = (
				3A462F9A2BDB628000147D38 /* Debug */,
				3A462F9B2BDB628000147D38 /* Release */,
			);
			defaultConfigurationIsVisible = 0;
			defaultConfigurationName = Release;
		};
/* End XCConfigurationList section */

/* Begin XCRemoteSwiftPackageReference section */
		3A0144B52BE0C3350037A08D /* XCRemoteSwiftPackageReference "FocusEntity" */ = {
			isa = XCRemoteSwiftPackageReference;
			repositoryURL = "https://github.com/maxxfrazer/FocusEntity.git";
			requirement = {
				kind = upToNextMajorVersion;
				minimumVersion = 2.5.1;
			};
		};
/* End XCRemoteSwiftPackageReference section */

/* Begin XCSwiftPackageProductDependency section */
		3A0144B62BE0C3350037A08D /* FocusEntity */ = {
			isa = XCSwiftPackageProductDependency;
			package = 3A0144B52BE0C3350037A08D /* XCRemoteSwiftPackageReference "FocusEntity" */;
			productName = FocusEntity;
		};
/* End XCSwiftPackageProductDependency section */
	};
	rootObject = 3A462F832BDB627F00147D38 /* Project object */;
}
